// !$*UTF8*$!
{
	archiveVersion = 1;
	classes = {
	};
	objectVersion = 46;
	objects = {

/* Begin PBXBuildFile section */
		026337A01EB1E189004F04E5 /* AppDelegate.swift in Sources */ = {isa = PBXBuildFile; fileRef = 0263379F1EB1E189004F04E5 /* AppDelegate.swift */; };
		026337A21EB1E189004F04E5 /* ViewController.swift in Sources */ = {isa = PBXBuildFile; fileRef = 026337A11EB1E189004F04E5 /* ViewController.swift */; };
		026337A51EB1E189004F04E5 /* Main.storyboard in Resources */ = {isa = PBXBuildFile; fileRef = 026337A31EB1E189004F04E5 /* Main.storyboard */; };
		026337A71EB1E189004F04E5 /* Assets.xcassets in Resources */ = {isa = PBXBuildFile; fileRef = 026337A61EB1E189004F04E5 /* Assets.xcassets */; };
		026337AA1EB1E189004F04E5 /* LaunchScreen.storyboard in Resources */ = {isa = PBXBuildFile; fileRef = 026337A81EB1E189004F04E5 /* LaunchScreen.storyboard */; };
		026337B51EB1E189004F04E5 /* TalkRoom1Tests.swift in Sources */ = {isa = PBXBuildFile; fileRef = 026337B41EB1E189004F04E5 /* TalkRoom1Tests.swift */; };
		026337C01EB1E189004F04E5 /* TalkRoom1UITests.swift in Sources */ = {isa = PBXBuildFile; fileRef = 026337BF1EB1E189004F04E5 /* TalkRoom1UITests.swift */; };
		3D835CD280A9F2E84294ACDD /* Pods_TalkRoom1UITests.framework in Frameworks */ = {isa = PBXBuildFile; fileRef = ECBB80BE69CD3E538D8F46DE /* Pods_TalkRoom1UITests.framework */; };
		564AD8D91EC37ABF00F9CC45 /* backImage.jpg in Resources */ = {isa = PBXBuildFile; fileRef = 564AD8CD1EC37ABF00F9CC45 /* backImage.jpg */; };
		564AD8DA1EC37ABF00F9CC45 /* camera.png in Resources */ = {isa = PBXBuildFile; fileRef = 564AD8CE1EC37ABF00F9CC45 /* camera.png */; };
		564AD8DB1EC37ABF00F9CC45 /* cc.gif in Resources */ = {isa = PBXBuildFile; fileRef = 564AD8CF1EC37ABF00F9CC45 /* cc.gif */; };
		564AD8DC1EC37ABF00F9CC45 /* five.png in Resources */ = {isa = PBXBuildFile; fileRef = 564AD8D01EC37ABF00F9CC45 /* five.png */; };
		564AD8DD1EC37ABF00F9CC45 /* four.png in Resources */ = {isa = PBXBuildFile; fileRef = 564AD8D11EC37ABF00F9CC45 /* four.png */; };
		564AD8DE1EC37ABF00F9CC45 /* library.png in Resources */ = {isa = PBXBuildFile; fileRef = 564AD8D21EC37ABF00F9CC45 /* library.png */; };
		564AD8DF1EC37ABF00F9CC45 /* one.png in Resources */ = {isa = PBXBuildFile; fileRef = 564AD8D31EC37ABF00F9CC45 /* one.png */; };
		564AD8E01EC37ABF00F9CC45 /* roomBGI.jpg in Resources */ = {isa = PBXBuildFile; fileRef = 564AD8D41EC37ABF00F9CC45 /* roomBGI.jpg */; };
		564AD8E11EC37ABF00F9CC45 /* seven.png in Resources */ = {isa = PBXBuildFile; fileRef = 564AD8D51EC37ABF00F9CC45 /* seven.png */; };
		564AD8E21EC37ABF00F9CC45 /* six.png in Resources */ = {isa = PBXBuildFile; fileRef = 564AD8D61EC37ABF00F9CC45 /* six.png */; };
		564AD8E31EC37ABF00F9CC45 /* three.png in Resources */ = {isa = PBXBuildFile; fileRef = 564AD8D71EC37ABF00F9CC45 /* three.png */; };
		564AD8E41EC37ABF00F9CC45 /* two.png in Resources */ = {isa = PBXBuildFile; fileRef = 564AD8D81EC37ABF00F9CC45 /* two.png */; };
		8D3DC1E209C9E301A149638E /* Pods_TalkRoom1.framework in Frameworks */ = {isa = PBXBuildFile; fileRef = 5290645BF11BAE75B02B4CCB /* Pods_TalkRoom1.framework */; };
		C8321A056B3AE7FC2CA1B982 /* Pods_TalkRoom1Tests.framework in Frameworks */ = {isa = PBXBuildFile; fileRef = 7348722E04E5DA2FBC340E00 /* Pods_TalkRoom1Tests.framework */; };
/* End PBXBuildFile section */

/* Begin PBXContainerItemProxy section */
		026337B11EB1E189004F04E5 /* PBXContainerItemProxy */ = {
			isa = PBXContainerItemProxy;
			containerPortal = 026337941EB1E188004F04E5 /* Project object */;
			proxyType = 1;
			remoteGlobalIDString = 0263379B1EB1E188004F04E5;
			remoteInfo = TalkRoom1;
		};
		026337BC1EB1E189004F04E5 /* PBXContainerItemProxy */ = {
			isa = PBXContainerItemProxy;
			containerPortal = 026337941EB1E188004F04E5 /* Project object */;
			proxyType = 1;
			remoteGlobalIDString = 0263379B1EB1E188004F04E5;
			remoteInfo = TalkRoom1;
		};
/* End PBXContainerItemProxy section */

/* Begin PBXFileReference section */
		0263379C1EB1E189004F04E5 /* TalkRoom1.app */ = {isa = PBXFileReference; explicitFileType = wrapper.application; includeInIndex = 0; path = TalkRoom1.app; sourceTree = BUILT_PRODUCTS_DIR; };
		0263379F1EB1E189004F04E5 /* AppDelegate.swift */ = {isa = PBXFileReference; lastKnownFileType = sourcecode.swift; path = AppDelegate.swift; sourceTree = "<group>"; };
		026337A11EB1E189004F04E5 /* ViewController.swift */ = {isa = PBXFileReference; lastKnownFileType = sourcecode.swift; path = ViewController.swift; sourceTree = "<group>"; };
		026337A41EB1E189004F04E5 /* Base */ = {isa = PBXFileReference; lastKnownFileType = file.storyboard; name = Base; path = Base.lproj/Main.storyboard; sourceTree = "<group>"; };
		026337A61EB1E189004F04E5 /* Assets.xcassets */ = {isa = PBXFileReference; lastKnownFileType = folder.assetcatalog; path = Assets.xcassets; sourceTree = "<group>"; };
		026337A91EB1E189004F04E5 /* Base */ = {isa = PBXFileReference; lastKnownFileType = file.storyboard; name = Base; path = Base.lproj/LaunchScreen.storyboard; sourceTree = "<group>"; };
		026337AB1EB1E189004F04E5 /* Info.plist */ = {isa = PBXFileReference; lastKnownFileType = text.plist.xml; path = Info.plist; sourceTree = "<group>"; };
		026337B01EB1E189004F04E5 /* TalkRoom1Tests.xctest */ = {isa = PBXFileReference; explicitFileType = wrapper.cfbundle; includeInIndex = 0; path = TalkRoom1Tests.xctest; sourceTree = BUILT_PRODUCTS_DIR; };
		026337B41EB1E189004F04E5 /* TalkRoom1Tests.swift */ = {isa = PBXFileReference; lastKnownFileType = sourcecode.swift; path = TalkRoom1Tests.swift; sourceTree = "<group>"; };
		026337B61EB1E189004F04E5 /* Info.plist */ = {isa = PBXFileReference; lastKnownFileType = text.plist.xml; path = Info.plist; sourceTree = "<group>"; };
		026337BB1EB1E189004F04E5 /* TalkRoom1UITests.xctest */ = {isa = PBXFileReference; explicitFileType = wrapper.cfbundle; includeInIndex = 0; path = TalkRoom1UITests.xctest; sourceTree = BUILT_PRODUCTS_DIR; };
		026337BF1EB1E189004F04E5 /* TalkRoom1UITests.swift */ = {isa = PBXFileReference; lastKnownFileType = sourcecode.swift; path = TalkRoom1UITests.swift; sourceTree = "<group>"; };
		026337C11EB1E189004F04E5 /* Info.plist */ = {isa = PBXFileReference; lastKnownFileType = text.plist.xml; path = Info.plist; sourceTree = "<group>"; };
		35724CAD3E60D34C02C1F465 /* Pods-TalkRoom1Tests.release.xcconfig */ = {isa = PBXFileReference; includeInIndex = 1; lastKnownFileType = text.xcconfig; name = "Pods-TalkRoom1Tests.release.xcconfig"; path = "Pods/Target Support Files/Pods-TalkRoom1Tests/Pods-TalkRoom1Tests.release.xcconfig"; sourceTree = "<group>"; };
		5290645BF11BAE75B02B4CCB /* Pods_TalkRoom1.framework */ = {isa = PBXFileReference; explicitFileType = wrapper.framework; includeInIndex = 0; path = Pods_TalkRoom1.framework; sourceTree = BUILT_PRODUCTS_DIR; };
		564AD8CD1EC37ABF00F9CC45 /* backImage.jpg */ = {isa = PBXFileReference; lastKnownFileType = image.jpeg; path = backImage.jpg; sourceTree = "<group>"; };
		564AD8CE1EC37ABF00F9CC45 /* camera.png */ = {isa = PBXFileReference; lastKnownFileType = image.png; path = camera.png; sourceTree = "<group>"; };
		564AD8CF1EC37ABF00F9CC45 /* cc.gif */ = {isa = PBXFileReference; lastKnownFileType = image.gif; path = cc.gif; sourceTree = "<group>"; };
		564AD8D01EC37ABF00F9CC45 /* five.png */ = {isa = PBXFileReference; lastKnownFileType = image.png; path = five.png; sourceTree = "<group>"; };
		564AD8D11EC37ABF00F9CC45 /* four.png */ = {isa = PBXFileReference; lastKnownFileType = image.png; path = four.png; sourceTree = "<group>"; };
		564AD8D21EC37ABF00F9CC45 /* library.png */ = {isa = PBXFileReference; lastKnownFileType = image.png; path = library.png; sourceTree = "<group>"; };
		564AD8D31EC37ABF00F9CC45 /* one.png */ = {isa = PBXFileReference; lastKnownFileType = image.png; path = one.png; sourceTree = "<group>"; };
		564AD8D41EC37ABF00F9CC45 /* roomBGI.jpg */ = {isa = PBXFileReference; lastKnownFileType = image.jpeg; path = roomBGI.jpg; sourceTree = "<group>"; };
		564AD8D51EC37ABF00F9CC45 /* seven.png */ = {isa = PBXFileReference; lastKnownFileType = image.png; path = seven.png; sourceTree = "<group>"; };
		564AD8D61EC37ABF00F9CC45 /* six.png */ = {isa = PBXFileReference; lastKnownFileType = image.png; path = six.png; sourceTree = "<group>"; };
		564AD8D71EC37ABF00F9CC45 /* three.png */ = {isa = PBXFileReference; lastKnownFileType = image.png; path = three.png; sourceTree = "<group>"; };
		564AD8D81EC37ABF00F9CC45 /* two.png */ = {isa = PBXFileReference; lastKnownFileType = image.png; path = two.png; sourceTree = "<group>"; };
		7348722E04E5DA2FBC340E00 /* Pods_TalkRoom1Tests.framework */ = {isa = PBXFileReference; explicitFileType = wrapper.framework; includeInIndex = 0; path = Pods_TalkRoom1Tests.framework; sourceTree = BUILT_PRODUCTS_DIR; };
		8EBE8C1CCACCE92559024CB4 /* Pods-TalkRoom1.debug.xcconfig */ = {isa = PBXFileReference; includeInIndex = 1; lastKnownFileType = text.xcconfig; name = "Pods-TalkRoom1.debug.xcconfig"; path = "Pods/Target Support Files/Pods-TalkRoom1/Pods-TalkRoom1.debug.xcconfig"; sourceTree = "<group>"; };
		AA112DD27A5268F04D31BC78 /* Pods-TalkRoom1UITests.debug.xcconfig */ = {isa = PBXFileReference; includeInIndex = 1; lastKnownFileType = text.xcconfig; name = "Pods-TalkRoom1UITests.debug.xcconfig"; path = "Pods/Target Support Files/Pods-TalkRoom1UITests/Pods-TalkRoom1UITests.debug.xcconfig"; sourceTree = "<group>"; };
		BE0552E587668ADA72F844B6 /* Pods-TalkRoom1.release.xcconfig */ = {isa = PBXFileReference; includeInIndex = 1; lastKnownFileType = text.xcconfig; name = "Pods-TalkRoom1.release.xcconfig"; path = "Pods/Target Support Files/Pods-TalkRoom1/Pods-TalkRoom1.release.xcconfig"; sourceTree = "<group>"; };
		CEB45C9E8F40E2943FD79525 /* Pods-TalkRoom1Tests.debug.xcconfig */ = {isa = PBXFileReference; includeInIndex = 1; lastKnownFileType = text.xcconfig; name = "Pods-TalkRoom1Tests.debug.xcconfig"; path = "Pods/Target Support Files/Pods-TalkRoom1Tests/Pods-TalkRoom1Tests.debug.xcconfig"; sourceTree = "<group>"; };
		D379AF397433BD1479570E99 /* Pods-TalkRoom1UITests.release.xcconfig */ = {isa = PBXFileReference; includeInIndex = 1; lastKnownFileType = text.xcconfig; name = "Pods-TalkRoom1UITests.release.xcconfig"; path = "Pods/Target Support Files/Pods-TalkRoom1UITests/Pods-TalkRoom1UITests.release.xcconfig"; sourceTree = "<group>"; };
		ECBB80BE69CD3E538D8F46DE /* Pods_TalkRoom1UITests.framework */ = {isa = PBXFileReference; explicitFileType = wrapper.framework; includeInIndex = 0; path = Pods_TalkRoom1UITests.framework; sourceTree = BUILT_PRODUCTS_DIR; };
/* End PBXFileReference section */

/* Begin PBXFrameworksBuildPhase section */
		026337991EB1E188004F04E5 /* Frameworks */ = {
			isa = PBXFrameworksBuildPhase;
			buildActionMask = 2147483647;
			files = (
				8D3DC1E209C9E301A149638E /* Pods_TalkRoom1.framework in Frameworks */,
			);
			runOnlyForDeploymentPostprocessing = 0;
		};
		026337AD1EB1E189004F04E5 /* Frameworks */ = {
			isa = PBXFrameworksBuildPhase;
			buildActionMask = 2147483647;
			files = (
				C8321A056B3AE7FC2CA1B982 /* Pods_TalkRoom1Tests.framework in Frameworks */,
			);
			runOnlyForDeploymentPostprocessing = 0;
		};
		026337B81EB1E189004F04E5 /* Frameworks */ = {
			isa = PBXFrameworksBuildPhase;
			buildActionMask = 2147483647;
			files = (
				3D835CD280A9F2E84294ACDD /* Pods_TalkRoom1UITests.framework in Frameworks */,
			);
			runOnlyForDeploymentPostprocessing = 0;
		};
/* End PBXFrameworksBuildPhase section */

/* Begin PBXGroup section */
		026337931EB1E188004F04E5 = {
			isa = PBXGroup;
			children = (
				0263379E1EB1E189004F04E5 /* TalkRoom1 */,
				026337B31EB1E189004F04E5 /* TalkRoom1Tests */,
				026337BE1EB1E189004F04E5 /* TalkRoom1UITests */,
				0263379D1EB1E189004F04E5 /* Products */,
				6C76FAB8A1A7960FF538F26A /* Pods */,
				2BEDE13B6D126ED9D538D732 /* Frameworks */,
			);
			sourceTree = "<group>";
		};
		0263379D1EB1E189004F04E5 /* Products */ = {
			isa = PBXGroup;
			children = (
				0263379C1EB1E189004F04E5 /* TalkRoom1.app */,
				026337B01EB1E189004F04E5 /* TalkRoom1Tests.xctest */,
				026337BB1EB1E189004F04E5 /* TalkRoom1UITests.xctest */,
			);
			name = Products;
			sourceTree = "<group>";
		};
		0263379E1EB1E189004F04E5 /* TalkRoom1 */ = {
			isa = PBXGroup;
			children = (
				564AD8CD1EC37ABF00F9CC45 /* backImage.jpg */,
				564AD8CE1EC37ABF00F9CC45 /* camera.png */,
				564AD8CF1EC37ABF00F9CC45 /* cc.gif */,
				564AD8D01EC37ABF00F9CC45 /* five.png */,
				564AD8D11EC37ABF00F9CC45 /* four.png */,
				564AD8D21EC37ABF00F9CC45 /* library.png */,
				564AD8D31EC37ABF00F9CC45 /* one.png */,
				564AD8D41EC37ABF00F9CC45 /* roomBGI.jpg */,
				564AD8D51EC37ABF00F9CC45 /* seven.png */,
				564AD8D61EC37ABF00F9CC45 /* six.png */,
				564AD8D71EC37ABF00F9CC45 /* three.png */,
				564AD8D81EC37ABF00F9CC45 /* two.png */,
				0263379F1EB1E189004F04E5 /* AppDelegate.swift */,
				026337A11EB1E189004F04E5 /* ViewController.swift */,
				026337A31EB1E189004F04E5 /* Main.storyboard */,
				026337A61EB1E189004F04E5 /* Assets.xcassets */,
				026337A81EB1E189004F04E5 /* LaunchScreen.storyboard */,
				026337AB1EB1E189004F04E5 /* Info.plist */,
			);
			path = TalkRoom1;
			sourceTree = "<group>";
		};
		026337B31EB1E189004F04E5 /* TalkRoom1Tests */ = {
			isa = PBXGroup;
			children = (
				026337B41EB1E189004F04E5 /* TalkRoom1Tests.swift */,
				026337B61EB1E189004F04E5 /* Info.plist */,
			);
			path = TalkRoom1Tests;
			sourceTree = "<group>";
		};
		026337BE1EB1E189004F04E5 /* TalkRoom1UITests */ = {
			isa = PBXGroup;
			children = (
				026337BF1EB1E189004F04E5 /* TalkRoom1UITests.swift */,
				026337C11EB1E189004F04E5 /* Info.plist */,
			);
			path = TalkRoom1UITests;
			sourceTree = "<group>";
		};
		2BEDE13B6D126ED9D538D732 /* Frameworks */ = {
			isa = PBXGroup;
			children = (
				5290645BF11BAE75B02B4CCB /* Pods_TalkRoom1.framework */,
				7348722E04E5DA2FBC340E00 /* Pods_TalkRoom1Tests.framework */,
				ECBB80BE69CD3E538D8F46DE /* Pods_TalkRoom1UITests.framework */,
			);
			name = Frameworks;
			sourceTree = "<group>";
		};
		6C76FAB8A1A7960FF538F26A /* Pods */ = {
			isa = PBXGroup;
			children = (
				8EBE8C1CCACCE92559024CB4 /* Pods-TalkRoom1.debug.xcconfig */,
				BE0552E587668ADA72F844B6 /* Pods-TalkRoom1.release.xcconfig */,
				CEB45C9E8F40E2943FD79525 /* Pods-TalkRoom1Tests.debug.xcconfig */,
				35724CAD3E60D34C02C1F465 /* Pods-TalkRoom1Tests.release.xcconfig */,
				AA112DD27A5268F04D31BC78 /* Pods-TalkRoom1UITests.debug.xcconfig */,
				D379AF397433BD1479570E99 /* Pods-TalkRoom1UITests.release.xcconfig */,
			);
			name = Pods;
			sourceTree = "<group>";
		};
/* End PBXGroup section */

/* Begin PBXNativeTarget section */
		0263379B1EB1E188004F04E5 /* TalkRoom1 */ = {
			isa = PBXNativeTarget;
			buildConfigurationList = 026337C41EB1E189004F04E5 /* Build configuration list for PBXNativeTarget "TalkRoom1" */;
			buildPhases = (
				6ADAD7C8009189A4B72DEA7E /* [CP] Check Pods Manifest.lock */,
				026337981EB1E188004F04E5 /* Sources */,
				026337991EB1E188004F04E5 /* Frameworks */,
				0263379A1EB1E188004F04E5 /* Resources */,
				83C65322BA2DEEF10B68357D /* [CP] Embed Pods Frameworks */,
				E8281187586E736412876079 /* [CP] Copy Pods Resources */,
			);
			buildRules = (
			);
			dependencies = (
			);
			name = TalkRoom1;
			productName = TalkRoom1;
			productReference = 0263379C1EB1E189004F04E5 /* TalkRoom1.app */;
			productType = "com.apple.product-type.application";
		};
		026337AF1EB1E189004F04E5 /* TalkRoom1Tests */ = {
			isa = PBXNativeTarget;
			buildConfigurationList = 026337C71EB1E189004F04E5 /* Build configuration list for PBXNativeTarget "TalkRoom1Tests" */;
			buildPhases = (
				FD81D0C87D2EC4BDB727E32F /* [CP] Check Pods Manifest.lock */,
				026337AC1EB1E189004F04E5 /* Sources */,
				026337AD1EB1E189004F04E5 /* Frameworks */,
				026337AE1EB1E189004F04E5 /* Resources */,
				9BD2AEE2BF93E818C0B20A8A /* [CP] Embed Pods Frameworks */,
				A02E1EB3F1A9DC7F0DD63AA1 /* [CP] Copy Pods Resources */,
			);
			buildRules = (
			);
			dependencies = (
				026337B21EB1E189004F04E5 /* PBXTargetDependency */,
			);
			name = TalkRoom1Tests;
			productName = TalkRoom1Tests;
			productReference = 026337B01EB1E189004F04E5 /* TalkRoom1Tests.xctest */;
			productType = "com.apple.product-type.bundle.unit-test";
		};
		026337BA1EB1E189004F04E5 /* TalkRoom1UITests */ = {
			isa = PBXNativeTarget;
			buildConfigurationList = 026337CA1EB1E189004F04E5 /* Build configuration list for PBXNativeTarget "TalkRoom1UITests" */;
			buildPhases = (
				F32C412F52F5F835ADB96844 /* [CP] Check Pods Manifest.lock */,
				026337B71EB1E189004F04E5 /* Sources */,
				026337B81EB1E189004F04E5 /* Frameworks */,
				026337B91EB1E189004F04E5 /* Resources */,
				011564F98195F8F10AFA2A67 /* [CP] Embed Pods Frameworks */,
				34CB61C53B6E4AE96251AD72 /* [CP] Copy Pods Resources */,
			);
			buildRules = (
			);
			dependencies = (
				026337BD1EB1E189004F04E5 /* PBXTargetDependency */,
			);
			name = TalkRoom1UITests;
			productName = TalkRoom1UITests;
			productReference = 026337BB1EB1E189004F04E5 /* TalkRoom1UITests.xctest */;
			productType = "com.apple.product-type.bundle.ui-testing";
		};
/* End PBXNativeTarget section */

/* Begin PBXProject section */
		026337941EB1E188004F04E5 /* Project object */ = {
			isa = PBXProject;
			attributes = {
				LastSwiftUpdateCheck = 0820;
				LastUpgradeCheck = 0820;
				ORGANIZATIONNAME = nijibox;
				TargetAttributes = {
					0263379B1EB1E188004F04E5 = {
						CreatedOnToolsVersion = 8.2.1;
						DevelopmentTeam = ER4HNCC74B;
						ProvisioningStyle = Automatic;
					};
					026337AF1EB1E189004F04E5 = {
						CreatedOnToolsVersion = 8.2.1;
						ProvisioningStyle = Automatic;
						TestTargetID = 0263379B1EB1E188004F04E5;
					};
					026337BA1EB1E189004F04E5 = {
						CreatedOnToolsVersion = 8.2.1;
						ProvisioningStyle = Automatic;
						TestTargetID = 0263379B1EB1E188004F04E5;
					};
				};
			};
			buildConfigurationList = 026337971EB1E188004F04E5 /* Build configuration list for PBXProject "TalkRoom1" */;
			compatibilityVersion = "Xcode 3.2";
			developmentRegion = English;
			hasScannedForEncodings = 0;
			knownRegions = (
				en,
				Base,
			);
			mainGroup = 026337931EB1E188004F04E5;
			productRefGroup = 0263379D1EB1E189004F04E5 /* Products */;
			projectDirPath = "";
			projectRoot = "";
			targets = (
				0263379B1EB1E188004F04E5 /* TalkRoom1 */,
				026337AF1EB1E189004F04E5 /* TalkRoom1Tests */,
				026337BA1EB1E189004F04E5 /* TalkRoom1UITests */,
			);
		};
/* End PBXProject section */

/* Begin PBXResourcesBuildPhase section */
		0263379A1EB1E188004F04E5 /* Resources */ = {
			isa = PBXResourcesBuildPhase;
			buildActionMask = 2147483647;
			files = (
				564AD8DB1EC37ABF00F9CC45 /* cc.gif in Resources */,
				564AD8E11EC37ABF00F9CC45 /* seven.png in Resources */,
				564AD8E31EC37ABF00F9CC45 /* three.png in Resources */,
				564AD8E41EC37ABF00F9CC45 /* two.png in Resources */,
				564AD8DE1EC37ABF00F9CC45 /* library.png in Resources */,
				564AD8D91EC37ABF00F9CC45 /* backImage.jpg in Resources */,
				026337AA1EB1E189004F04E5 /* LaunchScreen.storyboard in Resources */,
				564AD8E21EC37ABF00F9CC45 /* six.png in Resources */,
				564AD8DC1EC37ABF00F9CC45 /* five.png in Resources */,
				026337A71EB1E189004F04E5 /* Assets.xcassets in Resources */,
				564AD8E01EC37ABF00F9CC45 /* roomBGI.jpg in Resources */,
				564AD8DF1EC37ABF00F9CC45 /* one.png in Resources */,
				026337A51EB1E189004F04E5 /* Main.storyboard in Resources */,
				564AD8DA1EC37ABF00F9CC45 /* camera.png in Resources */,
				564AD8DD1EC37ABF00F9CC45 /* four.png in Resources */,
			);
			runOnlyForDeploymentPostprocessing = 0;
		};
		026337AE1EB1E189004F04E5 /* Resources */ = {
			isa = PBXResourcesBuildPhase;
			buildActionMask = 2147483647;
			files = (
			);
			runOnlyForDeploymentPostprocessing = 0;
		};
		026337B91EB1E189004F04E5 /* Resources */ = {
			isa = PBXResourcesBuildPhase;
			buildActionMask = 2147483647;
			files = (
			);
			runOnlyForDeploymentPostprocessing = 0;
		};
/* End PBXResourcesBuildPhase section */

/* Begin PBXShellScriptBuildPhase section */
		011564F98195F8F10AFA2A67 /* [CP] Embed Pods Frameworks */ = {
			isa = PBXShellScriptBuildPhase;
			buildActionMask = 2147483647;
			files = (
			);
			inputPaths = (
			);
			name = "[CP] Embed Pods Frameworks";
			outputPaths = (
			);
			runOnlyForDeploymentPostprocessing = 0;
			shellPath = /bin/sh;
			shellScript = "\"${SRCROOT}/Pods/Target Support Files/Pods-TalkRoom1UITests/Pods-TalkRoom1UITests-frameworks.sh\"\n";
			showEnvVarsInLog = 0;
		};
		34CB61C53B6E4AE96251AD72 /* [CP] Copy Pods Resources */ = {
			isa = PBXShellScriptBuildPhase;
			buildActionMask = 2147483647;
			files = (
			);
			inputPaths = (
			);
			name = "[CP] Copy Pods Resources";
			outputPaths = (
			);
			runOnlyForDeploymentPostprocessing = 0;
			shellPath = /bin/sh;
			shellScript = "\"${SRCROOT}/Pods/Target Support Files/Pods-TalkRoom1UITests/Pods-TalkRoom1UITests-resources.sh\"\n";
			showEnvVarsInLog = 0;
		};
		6ADAD7C8009189A4B72DEA7E /* [CP] Check Pods Manifest.lock */ = {
			isa = PBXShellScriptBuildPhase;
			buildActionMask = 2147483647;
			files = (
			);
			inputPaths = (
			);
			name = "[CP] Check Pods Manifest.lock";
			outputPaths = (
			);
			runOnlyForDeploymentPostprocessing = 0;
			shellPath = /bin/sh;
			shellScript = "diff \"${PODS_PODFILE_DIR_PATH}/Podfile.lock\" \"${PODS_ROOT}/Manifest.lock\" > /dev/null\nif [ $? != 0 ] ; then\n    # print error to STDERR\n    echo \"error: The sandbox is not in sync with the Podfile.lock. Run 'pod install' or update your CocoaPods installation.\" >&2\n    exit 1\nfi\n";
			showEnvVarsInLog = 0;
		};
		83C65322BA2DEEF10B68357D /* [CP] Embed Pods Frameworks */ = {
			isa = PBXShellScriptBuildPhase;
			buildActionMask = 2147483647;
			files = (
			);
			inputPaths = (
			);
			name = "[CP] Embed Pods Frameworks";
			outputPaths = (
			);
			runOnlyForDeploymentPostprocessing = 0;
			shellPath = /bin/sh;
			shellScript = "\"${SRCROOT}/Pods/Target Support Files/Pods-TalkRoom1/Pods-TalkRoom1-frameworks.sh\"\n";
			showEnvVarsInLog = 0;
		};
		9BD2AEE2BF93E818C0B20A8A /* [CP] Embed Pods Frameworks */ = {
			isa = PBXShellScriptBuildPhase;
			buildActionMask = 2147483647;
			files = (
			);
			inputPaths = (
			);
			name = "[CP] Embed Pods Frameworks";
			outputPaths = (
			);
			runOnlyForDeploymentPostprocessing = 0;
			shellPath = /bin/sh;
			shellScript = "\"${SRCROOT}/Pods/Target Support Files/Pods-TalkRoom1Tests/Pods-TalkRoom1Tests-frameworks.sh\"\n";
			showEnvVarsInLog = 0;
		};
		A02E1EB3F1A9DC7F0DD63AA1 /* [CP] Copy Pods Resources */ = {
			isa = PBXShellScriptBuildPhase;
			buildActionMask = 2147483647;
			files = (
			);
			inputPaths = (
			);
			name = "[CP] Copy Pods Resources";
			outputPaths = (
			);
			runOnlyForDeploymentPostprocessing = 0;
			shellPath = /bin/sh;
			shellScript = "\"${SRCROOT}/Pods/Target Support Files/Pods-TalkRoom1Tests/Pods-TalkRoom1Tests-resources.sh\"\n";
			showEnvVarsInLog = 0;
		};
		E8281187586E736412876079 /* [CP] Copy Pods Resources */ = {
			isa = PBXShellScriptBuildPhase;
			buildActionMask = 2147483647;
			files = (
			);
			inputPaths = (
			);
			name = "[CP] Copy Pods Resources";
			outputPaths = (
			);
			runOnlyForDeploymentPostprocessing = 0;
			shellPath = /bin/sh;
			shellScript = "\"${SRCROOT}/Pods/Target Support Files/Pods-TalkRoom1/Pods-TalkRoom1-resources.sh\"\n";
			showEnvVarsInLog = 0;
		};
		F32C412F52F5F835ADB96844 /* [CP] Check Pods Manifest.lock */ = {
			isa = PBXShellScriptBuildPhase;
			buildActionMask = 2147483647;
			files = (
			);
			inputPaths = (
			);
			name = "[CP] Check Pods Manifest.lock";
			outputPaths = (
			);
			runOnlyForDeploymentPostprocessing = 0;
			shellPath = /bin/sh;
			shellScript = "diff \"${PODS_PODFILE_DIR_PATH}/Podfile.lock\" \"${PODS_ROOT}/Manifest.lock\" > /dev/null\nif [ $? != 0 ] ; then\n    # print error to STDERR\n    echo \"error: The sandbox is not in sync with the Podfile.lock. Run 'pod install' or update your CocoaPods installation.\" >&2\n    exit 1\nfi\n";
			showEnvVarsInLog = 0;
		};
		FD81D0C87D2EC4BDB727E32F /* [CP] Check Pods Manifest.lock */ = {
			isa = PBXShellScriptBuildPhase;
			buildActionMask = 2147483647;
			files = (
			);
			inputPaths = (
			);
			name = "[CP] Check Pods Manifest.lock";
			outputPaths = (
			);
			runOnlyForDeploymentPostprocessing = 0;
			shellPath = /bin/sh;
			shellScript = "diff \"${PODS_PODFILE_DIR_PATH}/Podfile.lock\" \"${PODS_ROOT}/Manifest.lock\" > /dev/null\nif [ $? != 0 ] ; then\n    # print error to STDERR\n    echo \"error: The sandbox is not in sync with the Podfile.lock. Run 'pod install' or update your CocoaPods installation.\" >&2\n    exit 1\nfi\n";
			showEnvVarsInLog = 0;
		};
/* End PBXShellScriptBuildPhase section */

/* Begin PBXSourcesBuildPhase section */
		026337981EB1E188004F04E5 /* Sources */ = {
			isa = PBXSourcesBuildPhase;
			buildActionMask = 2147483647;
			files = (
				026337A21EB1E189004F04E5 /* ViewController.swift in Sources */,
				026337A01EB1E189004F04E5 /* AppDelegate.swift in Sources */,
			);
			runOnlyForDeploymentPostprocessing = 0;
		};
		026337AC1EB1E189004F04E5 /* Sources */ = {
			isa = PBXSourcesBuildPhase;
			buildActionMask = 2147483647;
			files = (
				026337B51EB1E189004F04E5 /* TalkRoom1Tests.swift in Sources */,
			);
			runOnlyForDeploymentPostprocessing = 0;
		};
		026337B71EB1E189004F04E5 /* Sources */ = {
			isa = PBXSourcesBuildPhase;
			buildActionMask = 2147483647;
			files = (
				026337C01EB1E189004F04E5 /* TalkRoom1UITests.swift in Sources */,
			);
			runOnlyForDeploymentPostprocessing = 0;
		};
/* End PBXSourcesBuildPhase section */

/* Begin PBXTargetDependency section */
		026337B21EB1E189004F04E5 /* PBXTargetDependency */ = {
			isa = PBXTargetDependency;
			target = 0263379B1EB1E188004F04E5 /* TalkRoom1 */;
			targetProxy = 026337B11EB1E189004F04E5 /* PBXContainerItemProxy */;
		};
		026337BD1EB1E189004F04E5 /* PBXTargetDependency */ = {
			isa = PBXTargetDependency;
			target = 0263379B1EB1E188004F04E5 /* TalkRoom1 */;
			targetProxy = 026337BC1EB1E189004F04E5 /* PBXContainerItemProxy */;
		};
/* End PBXTargetDependency section */

/* Begin PBXVariantGroup section */
		026337A31EB1E189004F04E5 /* Main.storyboard */ = {
			isa = PBXVariantGroup;
			children = (
				026337A41EB1E189004F04E5 /* Base */,
			);
			name = Main.storyboard;
			sourceTree = "<group>";
		};
		026337A81EB1E189004F04E5 /* LaunchScreen.storyboard */ = {
			isa = PBXVariantGroup;
			children = (
				026337A91EB1E189004F04E5 /* Base */,
			);
			name = LaunchScreen.storyboard;
			sourceTree = "<group>";
		};
/* End PBXVariantGroup section */

/* Begin XCBuildConfiguration section */
		026337C21EB1E189004F04E5 /* Debug */ = {
			isa = XCBuildConfiguration;
			buildSettings = {
				ALWAYS_SEARCH_USER_PATHS = NO;
				CLANG_ANALYZER_NONNULL = YES;
				CLANG_CXX_LANGUAGE_STANDARD = "gnu++0x";
				CLANG_CXX_LIBRARY = "libc++";
				CLANG_ENABLE_MODULES = YES;
				CLANG_ENABLE_OBJC_ARC = YES;
				CLANG_WARN_BOOL_CONVERSION = YES;
				CLANG_WARN_CONSTANT_CONVERSION = YES;
				CLANG_WARN_DIRECT_OBJC_ISA_USAGE = YES_ERROR;
				CLANG_WARN_DOCUMENTATION_COMMENTS = YES;
				CLANG_WARN_EMPTY_BODY = YES;
				CLANG_WARN_ENUM_CONVERSION = YES;
				CLANG_WARN_INFINITE_RECURSION = YES;
				CLANG_WARN_INT_CONVERSION = YES;
				CLANG_WARN_OBJC_ROOT_CLASS = YES_ERROR;
				CLANG_WARN_SUSPICIOUS_MOVE = YES;
				CLANG_WARN_UNREACHABLE_CODE = YES;
				CLANG_WARN__DUPLICATE_METHOD_MATCH = YES;
				"CODE_SIGN_IDENTITY[sdk=iphoneos*]" = "iPhone Developer";
				COPY_PHASE_STRIP = NO;
				DEBUG_INFORMATION_FORMAT = dwarf;
				ENABLE_STRICT_OBJC_MSGSEND = YES;
				ENABLE_TESTABILITY = YES;
				GCC_C_LANGUAGE_STANDARD = gnu99;
				GCC_DYNAMIC_NO_PIC = NO;
				GCC_NO_COMMON_BLOCKS = YES;
				GCC_OPTIMIZATION_LEVEL = 0;
				GCC_PREPROCESSOR_DEFINITIONS = (
					"DEBUG=1",
					"$(inherited)",
				);
				GCC_WARN_64_TO_32_BIT_CONVERSION = YES;
				GCC_WARN_ABOUT_RETURN_TYPE = YES_ERROR;
				GCC_WARN_UNDECLARED_SELECTOR = YES;
				GCC_WARN_UNINITIALIZED_AUTOS = YES_AGGRESSIVE;
				GCC_WARN_UNUSED_FUNCTION = YES;
				GCC_WARN_UNUSED_VARIABLE = YES;
				IPHONEOS_DEPLOYMENT_TARGET = 10.2;
				MTL_ENABLE_DEBUG_INFO = YES;
				ONLY_ACTIVE_ARCH = YES;
				SDKROOT = iphoneos;
				SWIFT_ACTIVE_COMPILATION_CONDITIONS = DEBUG;
				SWIFT_OPTIMIZATION_LEVEL = "-Onone";
			};
			name = Debug;
		};
		026337C31EB1E189004F04E5 /* Release */ = {
			isa = XCBuildConfiguration;
			buildSettings = {
				ALWAYS_SEARCH_USER_PATHS = NO;
				CLANG_ANALYZER_NONNULL = YES;
				CLANG_CXX_LANGUAGE_STANDARD = "gnu++0x";
				CLANG_CXX_LIBRARY = "libc++";
				CLANG_ENABLE_MODULES = YES;
				CLANG_ENABLE_OBJC_ARC = YES;
				CLANG_WARN_BOOL_CONVERSION = YES;
				CLANG_WARN_CONSTANT_CONVERSION = YES;
				CLANG_WARN_DIRECT_OBJC_ISA_USAGE = YES_ERROR;
				CLANG_WARN_DOCUMENTATION_COMMENTS = YES;
				CLANG_WARN_EMPTY_BODY = YES;
				CLANG_WARN_ENUM_CONVERSION = YES;
				CLANG_WARN_INFINITE_RECURSION = YES;
				CLANG_WARN_INT_CONVERSION = YES;
				CLANG_WARN_OBJC_ROOT_CLASS = YES_ERROR;
				CLANG_WARN_SUSPICIOUS_MOVE = YES;
				CLANG_WARN_UNREACHABLE_CODE = YES;
				CLANG_WARN__DUPLICATE_METHOD_MATCH = YES;
				"CODE_SIGN_IDENTITY[sdk=iphoneos*]" = "iPhone Developer";
				COPY_PHASE_STRIP = NO;
				DEBUG_INFORMATION_FORMAT = "dwarf-with-dsym";
				ENABLE_NS_ASSERTIONS = NO;
				ENABLE_STRICT_OBJC_MSGSEND = YES;
				GCC_C_LANGUAGE_STANDARD = gnu99;
				GCC_NO_COMMON_BLOCKS = YES;
				GCC_WARN_64_TO_32_BIT_CONVERSION = YES;
				GCC_WARN_ABOUT_RETURN_TYPE = YES_ERROR;
				GCC_WARN_UNDECLARED_SELECTOR = YES;
				GCC_WARN_UNINITIALIZED_AUTOS = YES_AGGRESSIVE;
				GCC_WARN_UNUSED_FUNCTION = YES;
				GCC_WARN_UNUSED_VARIABLE = YES;
				IPHONEOS_DEPLOYMENT_TARGET = 10.2;
				MTL_ENABLE_DEBUG_INFO = NO;
				SDKROOT = iphoneos;
				SWIFT_OPTIMIZATION_LEVEL = "-Owholemodule";
				VALIDATE_PRODUCT = YES;
			};
			name = Release;
		};
		026337C51EB1E189004F04E5 /* Debug */ = {
			isa = XCBuildConfiguration;
			baseConfigurationReference = 8EBE8C1CCACCE92559024CB4 /* Pods-TalkRoom1.debug.xcconfig */;
			buildSettings = {
				ASSETCATALOG_COMPILER_APPICON_NAME = AppIcon;
				DEVELOPMENT_TEAM = ER4HNCC74B;
				INFOPLIST_FILE = TalkRoom1/Info.plist;
				LD_RUNPATH_SEARCH_PATHS = "$(inherited) @executable_path/Frameworks";
				PRODUCT_BUNDLE_IDENTIFIER = com.ochi.TalkRoom1;
				PRODUCT_NAME = "$(TARGET_NAME)";
				SWIFT_VERSION = 3.0;
			};
			name = Debug;
		};
		026337C61EB1E189004F04E5 /* Release */ = {
			isa = XCBuildConfiguration;
			baseConfigurationReference = BE0552E587668ADA72F844B6 /* Pods-TalkRoom1.release.xcconfig */;
			buildSettings = {
				ASSETCATALOG_COMPILER_APPICON_NAME = AppIcon;
				DEVELOPMENT_TEAM = ER4HNCC74B;
				INFOPLIST_FILE = TalkRoom1/Info.plist;
				LD_RUNPATH_SEARCH_PATHS = "$(inherited) @executable_path/Frameworks";
				PRODUCT_BUNDLE_IDENTIFIER = com.ochi.TalkRoom1;
				PRODUCT_NAME = "$(TARGET_NAME)";
				SWIFT_VERSION = 3.0;
			};
			name = Release;
		};
		026337C81EB1E189004F04E5 /* Debug */ = {
			isa = XCBuildConfiguration;
			baseConfigurationReference = CEB45C9E8F40E2943FD79525 /* Pods-TalkRoom1Tests.debug.xcconfig */;
			buildSettings = {
				ALWAYS_EMBED_SWIFT_STANDARD_LIBRARIES = YES;
				BUNDLE_LOADER = "$(TEST_HOST)";
				INFOPLIST_FILE = TalkRoom1Tests/Info.plist;
				LD_RUNPATH_SEARCH_PATHS = "$(inherited) @executable_path/Frameworks @loader_path/Frameworks";
				PRODUCT_BUNDLE_IDENTIFIER = nijibox.TalkRoom1Tests;
				PRODUCT_NAME = "$(TARGET_NAME)";
				SWIFT_VERSION = 3.0;
				TEST_HOST = "$(BUILT_PRODUCTS_DIR)/TalkRoom1.app/TalkRoom1";
			};
			name = Debug;
		};
		026337C91EB1E189004F04E5 /* Release */ = {
			isa = XCBuildConfiguration;
			baseConfigurationReference = 35724CAD3E60D34C02C1F465 /* Pods-TalkRoom1Tests.release.xcconfig */;
			buildSettings = {
				ALWAYS_EMBED_SWIFT_STANDARD_LIBRARIES = YES;
				BUNDLE_LOADER = "$(TEST_HOST)";
				INFOPLIST_FILE = TalkRoom1Tests/Info.plist;
				LD_RUNPATH_SEARCH_PATHS = "$(inherited) @executable_path/Frameworks @loader_path/Frameworks";
				PRODUCT_BUNDLE_IDENTIFIER = nijibox.TalkRoom1Tests;
				PRODUCT_NAME = "$(TARGET_NAME)";
				SWIFT_VERSION = 3.0;
				TEST_HOST = "$(BUILT_PRODUCTS_DIR)/TalkRoom1.app/TalkRoom1";
			};
			name = Release;
		};
		026337CB1EB1E189004F04E5 /* Debug */ = {
			isa = XCBuildConfiguration;
			baseConfigurationReference = AA112DD27A5268F04D31BC78 /* Pods-TalkRoom1UITests.debug.xcconfig */;
			buildSettings = {
				ALWAYS_EMBED_SWIFT_STANDARD_LIBRARIES = YES;
				INFOPLIST_FILE = TalkRoom1UITests/Info.plist;
				LD_RUNPATH_SEARCH_PATHS = "$(inherited) @executable_path/Frameworks @loader_path/Frameworks";
				PRODUCT_BUNDLE_IDENTIFIER = nijibox.TalkRoom1UITests;
				PRODUCT_NAME = "$(TARGET_NAME)";
				SWIFT_VERSION = 3.0;
				TEST_TARGET_NAME = TalkRoom1;
			};
			name = Debug;
		};
		026337CC1EB1E189004F04E5 /* Release */ = {
			isa = XCBuildConfiguration;
			baseConfigurationReference = D379AF397433BD1479570E99 /* Pods-TalkRoom1UITests.release.xcconfig */;
			buildSettings = {
				ALWAYS_EMBED_SWIFT_STANDARD_LIBRARIES = YES;
				INFOPLIST_FILE = TalkRoom1UITests/Info.plist;
				LD_RUNPATH_SEARCH_PATHS = "$(inherited) @executable_path/Frameworks @loader_path/Frameworks";
				PRODUCT_BUNDLE_IDENTIFIER = nijibox.TalkRoom1UITests;
				PRODUCT_NAME = "$(TARGET_NAME)";
				SWIFT_VERSION = 3.0;
				TEST_TARGET_NAME = TalkRoom1;
			};
			name = Release;
		};
/* End XCBuildConfiguration section */

/* Begin XCConfigurationList section */
		026337971EB1E188004F04E5 /* Build configuration list for PBXProject "TalkRoom1" */ = {
			isa = XCConfigurationList;
			buildConfigurations = (
				026337C21EB1E189004F04E5 /* Debug */,
				026337C31EB1E189004F04E5 /* Release */,
			);
			defaultConfigurationIsVisible = 0;
			defaultConfigurationName = Release;
		};
		026337C41EB1E189004F04E5 /* Build configuration list for PBXNativeTarget "TalkRoom1" */ = {
			isa = XCConfigurationList;
			buildConfigurations = (
				026337C51EB1E189004F04E5 /* Debug */,
				026337C61EB1E189004F04E5 /* Release */,
			);
			defaultConfigurationIsVisible = 0;
			defaultConfigurationName = Release;
		};
		026337C71EB1E189004F04E5 /* Build configuration list for PBXNativeTarget "TalkRoom1Tests" */ = {
			isa = XCConfigurationList;
			buildConfigurations = (
				026337C81EB1E189004F04E5 /* Debug */,
				026337C91EB1E189004F04E5 /* Release */,
			);
			defaultConfigurationIsVisible = 0;
			defaultConfigurationName = Release;
		};
		026337CA1EB1E189004F04E5 /* Build configuration list for PBXNativeTarget "TalkRoom1UITests" */ = {
			isa = XCConfigurationList;
			buildConfigurations = (
				026337CB1EB1E189004F04E5 /* Debug */,
				026337CC1EB1E189004F04E5 /* Release */,
			);
			defaultConfigurationIsVisible = 0;
			defaultConfigurationName = Release;
		};
/* End XCConfigurationList section */
	};
	rootObject = 026337941EB1E188004F04E5 /* Project object */;
}
